
Microsoft Visual Studio Solution File, Format Version 12.00
# Visual Studio Express 2012 for Windows Desktop
Project("{FAE04EC0-301F-11D3-BF4B-00C04F79EFBC}") = "TenPinTableParser", "testTableParser\TenPinTableParser.csproj", "{D9F2195F-78AE-47E0-AF86-7C690897A216}"
EndProject
Global
	GlobalSection(SolutionConfigurationPlatforms) = preSolution
		Debug|Any CPU = Debug|Any CPU
		Release|Any CPU = Release|Any CPU
	EndGlobalSection
	GlobalSection(ProjectConfigurationPlatforms) = postSolution
		{D9F2195F-78AE-47E0-AF86-7C690897A216}.Debug|Any CPU.ActiveCfg = Debug|Any CPU
		{D9F2195F-78AE-47E0-AF86-7C690897A216}.Debug|Any CPU.Build.0 = Debug|Any CPU
		{D9F2195F-78AE-47E0-AF86-7C690897A216}.Release|Any CPU.ActiveCfg = Release|Any CPU
		{D9F2195F-78AE-47E0-AF86-7C690897A216}.Release|Any CPU.Build.0 = Release|Any CPU
	EndGlobalSection
	GlobalSection(SolutionProperties) = preSolution
		HideSolutionNode = FALSE
	EndGlobalSection
EndGlobal
